
Microsoft Visual Studio Solution File, Format Version 12.00
# Visual Studio Version 17
VisualStudioVersion = 17.1.32210.238
MinimumVisualStudioVersion = 10.0.40219.1
Project("{FAE04EC0-301F-11D3-BF4B-00C04F79EFBC}") = "ShapeSquares", "ShapeSquares\ShapeSquares.csproj", "{2CF7C59D-EE24-497A-9CEC-A379FFDB7826}"
EndProject
Project("{FAE04EC0-301F-11D3-BF4B-00C04F79EFBC}") = "ShapeSquaresUnitTests", "ShapeSquaresUnitTests\ShapeSquaresUnitTests.csproj", "{B4DB5338-A0A0-40BA-90AC-A91D71603F71}"
EndProject
Project("{2150E333-8FDC-42A3-9474-1A3956D46DE8}") = "Ответ на вопрос 2", "Ответ на вопрос 2", "{368627FE-6B54-49BD-B59F-E31194BE9A1B}"
	ProjectSection(SolutionItems) = preProject
		Ответ.txt = Ответ.txt
	EndProjectSection
EndProject
Global
	GlobalSection(SolutionConfigurationPlatforms) = preSolution
		Debug|Any CPU = Debug|Any CPU
		Release|Any CPU = Release|Any CPU
	EndGlobalSection
	GlobalSection(ProjectConfigurationPlatforms) = postSolution
		{2CF7C59D-EE24-497A-9CEC-A379FFDB7826}.Debug|Any CPU.ActiveCfg = Debug|Any CPU
		{2CF7C59D-EE24-497A-9CEC-A379FFDB7826}.Debug|Any CPU.Build.0 = Debug|Any CPU
		{2CF7C59D-EE24-497A-9CEC-A379FFDB7826}.Release|Any CPU.ActiveCfg = Release|Any CPU
		{2CF7C59D-EE24-497A-9CEC-A379FFDB7826}.Release|Any CPU.Build.0 = Release|Any CPU
		{B4DB5338-A0A0-40BA-90AC-A91D71603F71}.Debug|Any CPU.ActiveCfg = Debug|Any CPU
		{B4DB5338-A0A0-40BA-90AC-A91D71603F71}.Debug|Any CPU.Build.0 = Debug|Any CPU
		{B4DB5338-A0A0-40BA-90AC-A91D71603F71}.Release|Any CPU.ActiveCfg = Release|Any CPU
		{B4DB5338-A0A0-40BA-90AC-A91D71603F71}.Release|Any CPU.Build.0 = Release|Any CPU
	EndGlobalSection
	GlobalSection(SolutionProperties) = preSolution
		HideSolutionNode = FALSE
	EndGlobalSection
	GlobalSection(ExtensibilityGlobals) = postSolution
		SolutionGuid = {66FFB164-2C31-49AE-9C1C-AF5608B188B8}
	EndGlobalSection
EndGlobal
